
Microsoft Visual Studio Solution File, Format Version 12.00
# Visual Studio Version 16
VisualStudioVersion = 16.0.30011.22
MinimumVisualStudioVersion = 10.0.40219.1
Project("{9A19103F-16F7-4668-BE54-9A1E7A4F7556}") = "AspNet.Demo", "AspNet.Demo\AspNet.Demo.csproj", "{70F797DD-392D-4C7E-98D6-C077A0615E92}"
EndProject
Project("{FAE04EC0-301F-11D3-BF4B-00C04F79EFBC}") = "AspNet.Demo.API", "AspNet.Demo.API\AspNet.Demo.API.csproj", "{E7103AE1-ECEF-48DE-84C0-BCE844699847}"
EndProject
Global
	GlobalSection(SolutionConfigurationPlatforms) = preSolution
		Debug|Any CPU = Debug|Any CPU
		Release|Any CPU = Release|Any CPU
	EndGlobalSection
	GlobalSection(ProjectConfigurationPlatforms) = postSolution
		{70F797DD-392D-4C7E-98D6-C077A0615E92}.Debug|Any CPU.ActiveCfg = Debug|Any CPU
		{70F797DD-392D-4C7E-98D6-C077A0615E92}.Debug|Any CPU.Build.0 = Debug|Any CPU
		{70F797DD-392D-4C7E-98D6-C077A0615E92}.Release|Any CPU.ActiveCfg = Release|Any CPU
		{70F797DD-392D-4C7E-98D6-C077A0615E92}.Release|Any CPU.Build.0 = Release|Any CPU
		{E7103AE1-ECEF-48DE-84C0-BCE844699847}.Debug|Any CPU.ActiveCfg = Debug|Any CPU
		{E7103AE1-ECEF-48DE-84C0-BCE844699847}.Debug|Any CPU.Build.0 = Debug|Any CPU
		{E7103AE1-ECEF-48DE-84C0-BCE844699847}.Release|Any CPU.ActiveCfg = Release|Any CPU
		{E7103AE1-ECEF-48DE-84C0-BCE844699847}.Release|Any CPU.Build.0 = Release|Any CPU
	EndGlobalSection
	GlobalSection(SolutionProperties) = preSolution
		HideSolutionNode = FALSE
	EndGlobalSection
	GlobalSection(ExtensibilityGlobals) = postSolution
		SolutionGuid = {24398A6E-816F-4F47-A757-B890750413DC}
	EndGlobalSection
EndGlobal
